// !$*UTF8*$!
{
	archiveVersion = 1;
	classes = {
	};
	objectVersion = 46;
	objects = {

/* Begin PBXBuildFile section */
		A777CF5E1492956F00FC97D3 /* Cocoa.framework in Frameworks */ = {isa = PBXBuildFile; fileRef = A777CF5D1492956F00FC97D3 /* Cocoa.framework */; };
		A777CF681492956F00FC97D3 /* InfoPlist.strings in Resources */ = {isa = PBXBuildFile; fileRef = A777CF661492956F00FC97D3 /* InfoPlist.strings */; };
		A777CF6A1492956F00FC97D3 /* main.m in Sources */ = {isa = PBXBuildFile; fileRef = A777CF691492956F00FC97D3 /* main.m */; };
		A777CF6E1492956F00FC97D3 /* Credits.rtf in Resources */ = {isa = PBXBuildFile; fileRef = A777CF6C1492956F00FC97D3 /* Credits.rtf */; };
		A777CF711492956F00FC97D3 /* WoodhouseAppDelegate.m in Sources */ = {isa = PBXBuildFile; fileRef = A777CF701492956F00FC97D3 /* WoodhouseAppDelegate.m */; };
		A777CF741492956F00FC97D3 /* MainMenu.xib in Resources */ = {isa = PBXBuildFile; fileRef = A777CF721492956F00FC97D3 /* MainMenu.xib */; };
		A777CF7C1492956F00FC97D3 /* SenTestingKit.framework in Frameworks */ = {isa = PBXBuildFile; fileRef = A777CF7B1492956F00FC97D3 /* SenTestingKit.framework */; };
		A777CF7D1492956F00FC97D3 /* Cocoa.framework in Frameworks */ = {isa = PBXBuildFile; fileRef = A777CF5D1492956F00FC97D3 /* Cocoa.framework */; };
		A777CF851492956F00FC97D3 /* InfoPlist.strings in Resources */ = {isa = PBXBuildFile; fileRef = A777CF831492956F00FC97D3 /* InfoPlist.strings */; };
		A7AC3EDA14AE634000887520 /* watchdog-error.png in Resources */ = {isa = PBXBuildFile; fileRef = A7AC3ED914AE634000887520 /* watchdog-error.png */; };
		A7ADD8281492B4CC009B621E /* Panel.xib in Resources */ = {isa = PBXBuildFile; fileRef = A7ADD8271492B4CC009B621E /* Panel.xib */; };
		A7ADD82C1492B5BA009B621E /* PanelController.m in Sources */ = {isa = PBXBuildFile; fileRef = A7ADD82B1492B5BA009B621E /* PanelController.m */; };
		A7C893101492CB4600A06695 /* Build.m in Sources */ = {isa = PBXBuildFile; fileRef = A7C8930F1492CB4600A06695 /* Build.m */; };
		A7F9925114C0EB3800008A49 /* icon.icns in Resources */ = {isa = PBXBuildFile; fileRef = A7F9925014C0EB3800008A49 /* icon.icns */; };
		D010F6B714DA4468006116D1 /* WoodhouseKeychainTests.m in Sources */ = {isa = PBXBuildFile; fileRef = D010F6B614DA4468006116D1 /* WoodhouseKeychainTests.m */; };
		D01EA6C014D78F2B00989092 /* WoodhouseKeychain.m in Sources */ = {isa = PBXBuildFile; fileRef = D01EA6BF14D78F2B00989092 /* WoodhouseKeychain.m */; };
		D058198314CD17A0003C36E2 /* libOCMock.a in Frameworks */ = {isa = PBXBuildFile; fileRef = D058197B14CD17A0003C36E2 /* libOCMock.a */; };
		D059F1481493D90800E89E4C /* BuildStatusItemView.m in Sources */ = {isa = PBXBuildFile; fileRef = D059F1471493D90800E89E4C /* BuildStatusItemView.m */; };
		D062FF9114C4BC8700CD1E67 /* Growl.framework in Frameworks */ = {isa = PBXBuildFile; fileRef = D062FF9014C4BC8700CD1E67 /* Growl.framework */; };
		D062FF9814C4C19600CD1E67 /* BuildStatusNotifier.m in Sources */ = {isa = PBXBuildFile; fileRef = D062FF9714C4C19600CD1E67 /* BuildStatusNotifier.m */; };
		D062FF9A14C7975400CD1E67 /* Growl.framework in CopyFiles */ = {isa = PBXBuildFile; fileRef = D062FF9014C4BC8700CD1E67 /* Growl.framework */; };
		D062FFA014CCFD0500CD1E67 /* BuildStatusCheckerTests.m in Sources */ = {isa = PBXBuildFile; fileRef = D062FF9F14CCFD0400CD1E67 /* BuildStatusCheckerTests.m */; };
		D062FFA814CD03D600CD1E67 /* Growl.framework in CopyFiles */ = {isa = PBXBuildFile; fileRef = D062FF9014C4BC8700CD1E67 /* Growl.framework */; };
		D0A2F34614D4C41600908DEF /* TestHelper.m in Sources */ = {isa = PBXBuildFile; fileRef = D0A2F34514D4C41600908DEF /* TestHelper.m */; };
		D0A2F35014D601B800908DEF /* Preferences.xib in Resources */ = {isa = PBXBuildFile; fileRef = D0A2F34F14D601B800908DEF /* Preferences.xib */; };
		D0A2F35314D602E900908DEF /* PreferencesController.m in Sources */ = {isa = PBXBuildFile; fileRef = D0A2F35214D602E900908DEF /* PreferencesController.m */; };
		D0A2F35914D60EC600908DEF /* Preferences.xib in Resources */ = {isa = PBXBuildFile; fileRef = D0A2F34F14D601B800908DEF /* Preferences.xib */; };
		D0A2F36214D71FD100908DEF /* Security.framework in Frameworks */ = {isa = PBXBuildFile; fileRef = D0A2F36114D71FD000908DEF /* Security.framework */; };
		D0A987EE14E1F9A4001D5277 /* Sparkle.framework in Frameworks */ = {isa = PBXBuildFile; fileRef = D0A987ED14E1F9A4001D5277 /* Sparkle.framework */; };
		D0A987EF14E1FBFF001D5277 /* Sparkle.framework in CopyFiles */ = {isa = PBXBuildFile; fileRef = D0A987ED14E1F9A4001D5277 /* Sparkle.framework */; };
		D0A987F114E1FE74001D5277 /* dsa_pub.pem in Resources */ = {isa = PBXBuildFile; fileRef = D0A987F014E1FE74001D5277 /* dsa_pub.pem */; };
		D0FE7A0E1493121000A02CFE /* watchdog-ok.png in Resources */ = {isa = PBXBuildFile; fileRef = D0FE7A0D1493121000A02CFE /* watchdog-ok.png */; };
		D0FE7A11149313D800A02CFE /* BuildStatusChecker.m in Sources */ = {isa = PBXBuildFile; fileRef = D0FE7A10149313D800A02CFE /* BuildStatusChecker.m */; };
/* End PBXBuildFile section */

/* Begin PBXContainerItemProxy section */
		A777CF7E1492956F00FC97D3 /* PBXContainerItemProxy */ = {
			isa = PBXContainerItemProxy;
			containerPortal = A777CF501492956F00FC97D3 /* Project object */;
			proxyType = 1;
			remoteGlobalIDString = A777CF581492956F00FC97D3;
			remoteInfo = Woodhouse;
		};
/* End PBXContainerItemProxy section */

/* Begin PBXCopyFilesBuildPhase section */
		D062FF9914C7974A00CD1E67 /* CopyFiles */ = {
			isa = PBXCopyFilesBuildPhase;
			buildActionMask = 2147483647;
			dstPath = "";
			dstSubfolderSpec = 10;
			files = (
				D062FF9A14C7975400CD1E67 /* Growl.framework in CopyFiles */,
				D0A987EF14E1FBFF001D5277 /* Sparkle.framework in CopyFiles */,
			);
			runOnlyForDeploymentPostprocessing = 0;
		};
		D062FFA714CD03D200CD1E67 /* CopyFiles */ = {
			isa = PBXCopyFilesBuildPhase;
			buildActionMask = 2147483647;
			dstPath = "";
			dstSubfolderSpec = 10;
			files = (
				D062FFA814CD03D600CD1E67 /* Growl.framework in CopyFiles */,
			);
			runOnlyForDeploymentPostprocessing = 0;
		};
/* End PBXCopyFilesBuildPhase section */

/* Begin PBXFileReference section */
		A777CF591492956F00FC97D3 /* Woodhouse.app */ = {isa = PBXFileReference; explicitFileType = wrapper.application; includeInIndex = 0; path = Woodhouse.app; sourceTree = BUILT_PRODUCTS_DIR; };
		A777CF5D1492956F00FC97D3 /* Cocoa.framework */ = {isa = PBXFileReference; lastKnownFileType = wrapper.framework; name = Cocoa.framework; path = System/Library/Frameworks/Cocoa.framework; sourceTree = SDKROOT; };
		A777CF601492956F00FC97D3 /* AppKit.framework */ = {isa = PBXFileReference; lastKnownFileType = wrapper.framework; name = AppKit.framework; path = System/Library/Frameworks/AppKit.framework; sourceTree = SDKROOT; };
		A777CF611492956F00FC97D3 /* CoreData.framework */ = {isa = PBXFileReference; lastKnownFileType = wrapper.framework; name = CoreData.framework; path = System/Library/Frameworks/CoreData.framework; sourceTree = SDKROOT; };
		A777CF621492956F00FC97D3 /* Foundation.framework */ = {isa = PBXFileReference; lastKnownFileType = wrapper.framework; name = Foundation.framework; path = System/Library/Frameworks/Foundation.framework; sourceTree = SDKROOT; };
		A777CF651492956F00FC97D3 /* Woodhouse-Info.plist */ = {isa = PBXFileReference; lastKnownFileType = text.plist.xml; path = "Woodhouse-Info.plist"; sourceTree = "<group>"; };
		A777CF671492956F00FC97D3 /* en */ = {isa = PBXFileReference; lastKnownFileType = text.plist.strings; name = en; path = en.lproj/InfoPlist.strings; sourceTree = "<group>"; };
		A777CF691492956F00FC97D3 /* main.m */ = {isa = PBXFileReference; lastKnownFileType = sourcecode.c.objc; path = main.m; sourceTree = "<group>"; };
		A777CF6B1492956F00FC97D3 /* Woodhouse-Prefix.pch */ = {isa = PBXFileReference; lastKnownFileType = sourcecode.c.h; path = "Woodhouse-Prefix.pch"; sourceTree = "<group>"; };
		A777CF6D1492956F00FC97D3 /* en */ = {isa = PBXFileReference; lastKnownFileType = text.rtf; name = en; path = en.lproj/Credits.rtf; sourceTree = "<group>"; };
		A777CF6F1492956F00FC97D3 /* WoodhouseAppDelegate.h */ = {isa = PBXFileReference; lastKnownFileType = sourcecode.c.h; path = WoodhouseAppDelegate.h; sourceTree = "<group>"; };
		A777CF701492956F00FC97D3 /* WoodhouseAppDelegate.m */ = {isa = PBXFileReference; lastKnownFileType = sourcecode.c.objc; path = WoodhouseAppDelegate.m; sourceTree = "<group>"; };
		A777CF731492956F00FC97D3 /* en */ = {isa = PBXFileReference; lastKnownFileType = file.xib; name = en; path = en.lproj/MainMenu.xib; sourceTree = "<group>"; };
		A777CF7A1492956F00FC97D3 /* WoodhouseTests.octest */ = {isa = PBXFileReference; explicitFileType = wrapper.cfbundle; includeInIndex = 0; path = WoodhouseTests.octest; sourceTree = BUILT_PRODUCTS_DIR; };
		A777CF7B1492956F00FC97D3 /* SenTestingKit.framework */ = {isa = PBXFileReference; lastKnownFileType = wrapper.framework; name = SenTestingKit.framework; path = Library/Frameworks/SenTestingKit.framework; sourceTree = DEVELOPER_DIR; };
		A777CF821492956F00FC97D3 /* WoodhouseTests-Info.plist */ = {isa = PBXFileReference; lastKnownFileType = text.plist.xml; path = "WoodhouseTests-Info.plist"; sourceTree = "<group>"; };
		A777CF841492956F00FC97D3 /* en */ = {isa = PBXFileReference; lastKnownFileType = text.plist.strings; name = en; path = en.lproj/InfoPlist.strings; sourceTree = "<group>"; };
		A7AC3ED914AE634000887520 /* watchdog-error.png */ = {isa = PBXFileReference; lastKnownFileType = image.png; path = "watchdog-error.png"; sourceTree = "<group>"; };
		A7ADD8271492B4CC009B621E /* Panel.xib */ = {isa = PBXFileReference; fileEncoding = 4; lastKnownFileType = file.xib; path = Panel.xib; sourceTree = "<group>"; };
		A7ADD82A1492B5BA009B621E /* PanelController.h */ = {isa = PBXFileReference; fileEncoding = 4; lastKnownFileType = sourcecode.c.h; path = PanelController.h; sourceTree = "<group>"; };
		A7ADD82B1492B5BA009B621E /* PanelController.m */ = {isa = PBXFileReference; fileEncoding = 4; lastKnownFileType = sourcecode.c.objc; path = PanelController.m; sourceTree = "<group>"; };
		A7C8930E1492CB4600A06695 /* Build.h */ = {isa = PBXFileReference; fileEncoding = 4; lastKnownFileType = sourcecode.c.h; path = Build.h; sourceTree = "<group>"; };
		A7C8930F1492CB4600A06695 /* Build.m */ = {isa = PBXFileReference; fileEncoding = 4; lastKnownFileType = sourcecode.c.objc; path = Build.m; sourceTree = "<group>"; };
		A7F9925014C0EB3800008A49 /* icon.icns */ = {isa = PBXFileReference; lastKnownFileType = image.icns; path = icon.icns; sourceTree = "<group>"; };
		D010F6B614DA4468006116D1 /* WoodhouseKeychainTests.m */ = {isa = PBXFileReference; fileEncoding = 4; lastKnownFileType = sourcecode.c.objc; path = WoodhouseKeychainTests.m; sourceTree = "<group>"; };
		D01EA6BE14D78F2B00989092 /* WoodhouseKeychain.h */ = {isa = PBXFileReference; fileEncoding = 4; lastKnownFileType = sourcecode.c.h; path = WoodhouseKeychain.h; sourceTree = SOURCE_ROOT; };
		D01EA6BF14D78F2B00989092 /* WoodhouseKeychain.m */ = {isa = PBXFileReference; fileEncoding = 4; lastKnownFileType = sourcecode.c.objc; path = WoodhouseKeychain.m; sourceTree = SOURCE_ROOT; };
		D058197B14CD17A0003C36E2 /* libOCMock.a */ = {isa = PBXFileReference; lastKnownFileType = archive.ar; path = libOCMock.a; sourceTree = "<group>"; };
		D058197D14CD17A0003C36E2 /* NSNotificationCenter+OCMAdditions.h */ = {isa = PBXFileReference; fileEncoding = 4; lastKnownFileType = sourcecode.c.h; path = "NSNotificationCenter+OCMAdditions.h"; sourceTree = "<group>"; };
		D058197E14CD17A0003C36E2 /* OCMArg.h */ = {isa = PBXFileReference; fileEncoding = 4; lastKnownFileType = sourcecode.c.h; path = OCMArg.h; sourceTree = "<group>"; };
		D058197F14CD17A0003C36E2 /* OCMConstraint.h */ = {isa = PBXFileReference; fileEncoding = 4; lastKnownFileType = sourcecode.c.h; path = OCMConstraint.h; sourceTree = "<group>"; };
		D058198014CD17A0003C36E2 /* OCMock.h */ = {isa = PBXFileReference; fileEncoding = 4; lastKnownFileType = sourcecode.c.h; path = OCMock.h; sourceTree = "<group>"; };
		D058198114CD17A0003C36E2 /* OCMockObject.h */ = {isa = PBXFileReference; fileEncoding = 4; lastKnownFileType = sourcecode.c.h; path = OCMockObject.h; sourceTree = "<group>"; };
		D058198214CD17A0003C36E2 /* OCMockRecorder.h */ = {isa = PBXFileReference; fileEncoding = 4; lastKnownFileType = sourcecode.c.h; path = OCMockRecorder.h; sourceTree = "<group>"; };
		D059F1461493D90800E89E4C /* BuildStatusItemView.h */ = {isa = PBXFileReference; fileEncoding = 4; lastKnownFileType = sourcecode.c.h; path = BuildStatusItemView.h; sourceTree = "<group>"; };
		D059F1471493D90800E89E4C /* BuildStatusItemView.m */ = {isa = PBXFileReference; fileEncoding = 4; lastKnownFileType = sourcecode.c.objc; path = BuildStatusItemView.m; sourceTree = "<group>"; };
		D062FF9014C4BC8700CD1E67 /* Growl.framework */ = {isa = PBXFileReference; lastKnownFileType = wrapper.framework; path = Growl.framework; sourceTree = "<group>"; };
		D062FF9614C4C19600CD1E67 /* BuildStatusNotifier.h */ = {isa = PBXFileReference; fileEncoding = 4; lastKnownFileType = sourcecode.c.h; path = BuildStatusNotifier.h; sourceTree = "<group>"; };
		D062FF9714C4C19600CD1E67 /* BuildStatusNotifier.m */ = {isa = PBXFileReference; fileEncoding = 4; lastKnownFileType = sourcecode.c.objc; path = BuildStatusNotifier.m; sourceTree = "<group>"; };
		D062FF9E14CCFD0400CD1E67 /* BuildStatusCheckerTests.h */ = {isa = PBXFileReference; fileEncoding = 4; lastKnownFileType = sourcecode.c.h; name = BuildStatusCheckerTests.h; path = ../Woodhouse/Tests/BuildStatusCheckerTests.h; sourceTree = "<group>"; };
		D062FF9F14CCFD0400CD1E67 /* BuildStatusCheckerTests.m */ = {isa = PBXFileReference; fileEncoding = 4; lastKnownFileType = sourcecode.c.objc; name = BuildStatusCheckerTests.m; path = ../Woodhouse/Tests/BuildStatusCheckerTests.m; sourceTree = "<group>"; };
		D0A2F34414D4C41600908DEF /* TestHelper.h */ = {isa = PBXFileReference; fileEncoding = 4; lastKnownFileType = sourcecode.c.h; path = TestHelper.h; sourceTree = "<group>"; };
		D0A2F34514D4C41600908DEF /* TestHelper.m */ = {isa = PBXFileReference; fileEncoding = 4; lastKnownFileType = sourcecode.c.objc; path = TestHelper.m; sourceTree = "<group>"; };
		D0A2F34F14D601B800908DEF /* Preferences.xib */ = {isa = PBXFileReference; fileEncoding = 4; lastKnownFileType = file.xib; path = Preferences.xib; sourceTree = "<group>"; };
		D0A2F35114D602E900908DEF /* PreferencesController.h */ = {isa = PBXFileReference; fileEncoding = 4; lastKnownFileType = sourcecode.c.h; path = PreferencesController.h; sourceTree = "<group>"; };
		D0A2F35214D602E900908DEF /* PreferencesController.m */ = {isa = PBXFileReference; fileEncoding = 4; lastKnownFileType = sourcecode.c.objc; path = PreferencesController.m; sourceTree = "<group>"; };
		D0A2F36114D71FD000908DEF /* Security.framework */ = {isa = PBXFileReference; lastKnownFileType = wrapper.framework; name = Security.framework; path = System/Library/Frameworks/Security.framework; sourceTree = SDKROOT; };
		D0A7681914D4A06200F96594 /* Notifications.h */ = {isa = PBXFileReference; fileEncoding = 4; lastKnownFileType = sourcecode.c.h; path = Notifications.h; sourceTree = "<group>"; };
		D0A987ED14E1F9A4001D5277 /* Sparkle.framework */ = {isa = PBXFileReference; lastKnownFileType = wrapper.framework; path = Sparkle.framework; sourceTree = "<group>"; };
		D0A987F014E1FE74001D5277 /* dsa_pub.pem */ = {isa = PBXFileReference; fileEncoding = 4; lastKnownFileType = text; path = dsa_pub.pem; sourceTree = "<group>"; };
		D0FE7A0D1493121000A02CFE /* watchdog-ok.png */ = {isa = PBXFileReference; lastKnownFileType = image.png; path = "watchdog-ok.png"; sourceTree = "<group>"; };
		D0FE7A0F149313D800A02CFE /* BuildStatusChecker.h */ = {isa = PBXFileReference; fileEncoding = 4; lastKnownFileType = sourcecode.c.h; path = BuildStatusChecker.h; sourceTree = "<group>"; };
		D0FE7A10149313D800A02CFE /* BuildStatusChecker.m */ = {isa = PBXFileReference; fileEncoding = 4; lastKnownFileType = sourcecode.c.objc; path = BuildStatusChecker.m; sourceTree = "<group>"; };
/* End PBXFileReference section */

/* Begin PBXFrameworksBuildPhase section */
		A777CF561492956F00FC97D3 /* Frameworks */ = {
			isa = PBXFrameworksBuildPhase;
			buildActionMask = 2147483647;
			files = (
				D0A2F36214D71FD100908DEF /* Security.framework in Frameworks */,
				A777CF5E1492956F00FC97D3 /* Cocoa.framework in Frameworks */,
				D062FF9114C4BC8700CD1E67 /* Growl.framework in Frameworks */,
				D0A987EE14E1F9A4001D5277 /* Sparkle.framework in Frameworks */,
			);
			runOnlyForDeploymentPostprocessing = 0;
		};
		A777CF761492956F00FC97D3 /* Frameworks */ = {
			isa = PBXFrameworksBuildPhase;
			buildActionMask = 2147483647;
			files = (
				A777CF7C1492956F00FC97D3 /* SenTestingKit.framework in Frameworks */,
				A777CF7D1492956F00FC97D3 /* Cocoa.framework in Frameworks */,
				D058198314CD17A0003C36E2 /* libOCMock.a in Frameworks */,
			);
			runOnlyForDeploymentPostprocessing = 0;
		};
/* End PBXFrameworksBuildPhase section */

/* Begin PBXGroup section */
		A777CF4E1492956F00FC97D3 = {
			isa = PBXGroup;
			children = (
				A777CF631492956F00FC97D3 /* Woodhouse */,
				A777CF801492956F00FC97D3 /* WoodhouseTests */,
				A777CF5C1492956F00FC97D3 /* Frameworks */,
				A777CF5A1492956F00FC97D3 /* Products */,
			);
			sourceTree = "<group>";
		};
		A777CF5A1492956F00FC97D3 /* Products */ = {
			isa = PBXGroup;
			children = (
				A777CF591492956F00FC97D3 /* Woodhouse.app */,
				A777CF7A1492956F00FC97D3 /* WoodhouseTests.octest */,
			);
			name = Products;
			sourceTree = "<group>";
		};
		A777CF5C1492956F00FC97D3 /* Frameworks */ = {
			isa = PBXGroup;
			children = (
				D0A987ED14E1F9A4001D5277 /* Sparkle.framework */,
				D0A2F36114D71FD000908DEF /* Security.framework */,
				D062FF9014C4BC8700CD1E67 /* Growl.framework */,
				A777CF5D1492956F00FC97D3 /* Cocoa.framework */,
				A777CF7B1492956F00FC97D3 /* SenTestingKit.framework */,
				A777CF5F1492956F00FC97D3 /* Other Frameworks */,
			);
			name = Frameworks;
			sourceTree = "<group>";
		};
		A777CF5F1492956F00FC97D3 /* Other Frameworks */ = {
			isa = PBXGroup;
			children = (
				A777CF601492956F00FC97D3 /* AppKit.framework */,
				A777CF611492956F00FC97D3 /* CoreData.framework */,
				A777CF621492956F00FC97D3 /* Foundation.framework */,
			);
			name = "Other Frameworks";
			sourceTree = "<group>";
		};
		A777CF631492956F00FC97D3 /* Woodhouse */ = {
			isa = PBXGroup;
			children = (
				A7C8930E1492CB4600A06695 /* Build.h */,
				A7C8930F1492CB4600A06695 /* Build.m */,
				D0FE7A0F149313D800A02CFE /* BuildStatusChecker.h */,
				D0FE7A10149313D800A02CFE /* BuildStatusChecker.m */,
				D062FF9614C4C19600CD1E67 /* BuildStatusNotifier.h */,
				D062FF9714C4C19600CD1E67 /* BuildStatusNotifier.m */,
				D059F1461493D90800E89E4C /* BuildStatusItemView.h */,
				D059F1471493D90800E89E4C /* BuildStatusItemView.m */,
				D0A7681914D4A06200F96594 /* Notifications.h */,
				A7ADD82A1492B5BA009B621E /* PanelController.h */,
				A7ADD82B1492B5BA009B621E /* PanelController.m */,
				D0A2F35114D602E900908DEF /* PreferencesController.h */,
				D0A2F35214D602E900908DEF /* PreferencesController.m */,
				A777CF6F1492956F00FC97D3 /* WoodhouseAppDelegate.h */,
				A777CF701492956F00FC97D3 /* WoodhouseAppDelegate.m */,
				D01EA6BE14D78F2B00989092 /* WoodhouseKeychain.h */,
				D01EA6BF14D78F2B00989092 /* WoodhouseKeychain.m */,
				A777CF721492956F00FC97D3 /* MainMenu.xib */,
				A7ADD8271492B4CC009B621E /* Panel.xib */,
				D0A2F34F14D601B800908DEF /* Preferences.xib */,
				A777CF641492956F00FC97D3 /* Supporting Files */,
			);
			path = Woodhouse;
			sourceTree = "<group>";
		};
		A777CF641492956F00FC97D3 /* Supporting Files */ = {
			isa = PBXGroup;
			children = (
				D0A987F014E1FE74001D5277 /* dsa_pub.pem */,
				A7F9925014C0EB3800008A49 /* icon.icns */,
				D0FE7A0D1493121000A02CFE /* watchdog-ok.png */,
				A7AC3ED914AE634000887520 /* watchdog-error.png */,
				A777CF651492956F00FC97D3 /* Woodhouse-Info.plist */,
				A777CF661492956F00FC97D3 /* InfoPlist.strings */,
				A777CF691492956F00FC97D3 /* main.m */,
				A777CF6B1492956F00FC97D3 /* Woodhouse-Prefix.pch */,
				A777CF6C1492956F00FC97D3 /* Credits.rtf */,
			);
			name = "Supporting Files";
			sourceTree = "<group>";
		};
		A777CF801492956F00FC97D3 /* WoodhouseTests */ = {
			isa = PBXGroup;
			children = (
				D058197A14CD17A0003C36E2 /* TestLibraries */,
				D062FF9E14CCFD0400CD1E67 /* BuildStatusCheckerTests.h */,
				D062FF9F14CCFD0400CD1E67 /* BuildStatusCheckerTests.m */,
				D0A2F34414D4C41600908DEF /* TestHelper.h */,
				D0A2F34514D4C41600908DEF /* TestHelper.m */,
				D010F6B614DA4468006116D1 /* WoodhouseKeychainTests.m */,
				A777CF811492956F00FC97D3 /* Supporting Files */,
			);
			path = WoodhouseTests;
			sourceTree = "<group>";
		};
		A777CF811492956F00FC97D3 /* Supporting Files */ = {
			isa = PBXGroup;
			children = (
				A777CF821492956F00FC97D3 /* WoodhouseTests-Info.plist */,
				A777CF831492956F00FC97D3 /* InfoPlist.strings */,
			);
			name = "Supporting Files";
			sourceTree = "<group>";
		};
		D058197A14CD17A0003C36E2 /* TestLibraries */ = {
			isa = PBXGroup;
			children = (
				D058197B14CD17A0003C36E2 /* libOCMock.a */,
				D058197C14CD17A0003C36E2 /* OCMock */,
			);
			path = TestLibraries;
			sourceTree = SOURCE_ROOT;
		};
		D058197C14CD17A0003C36E2 /* OCMock */ = {
			isa = PBXGroup;
			children = (
				D058197D14CD17A0003C36E2 /* NSNotificationCenter+OCMAdditions.h */,
				D058197E14CD17A0003C36E2 /* OCMArg.h */,
				D058197F14CD17A0003C36E2 /* OCMConstraint.h */,
				D058198014CD17A0003C36E2 /* OCMock.h */,
				D058198114CD17A0003C36E2 /* OCMockObject.h */,
				D058198214CD17A0003C36E2 /* OCMockRecorder.h */,
			);
			path = OCMock;
			sourceTree = "<group>";
		};
/* End PBXGroup section */

/* Begin PBXNativeTarget section */
		A777CF581492956F00FC97D3 /* Woodhouse */ = {
			isa = PBXNativeTarget;
			buildConfigurationList = A777CF8C1492957000FC97D3 /* Build configuration list for PBXNativeTarget "Woodhouse" */;
			buildPhases = (
				A777CF551492956F00FC97D3 /* Sources */,
				A777CF561492956F00FC97D3 /* Frameworks */,
				A777CF571492956F00FC97D3 /* Resources */,
				D062FF9914C7974A00CD1E67 /* CopyFiles */,
				D010F6B114D98756006116D1 /* ShellScript */,
			);
			buildRules = (
			);
			dependencies = (
			);
			name = Woodhouse;
			productName = Woodhouse;
			productReference = A777CF591492956F00FC97D3 /* Woodhouse.app */;
			productType = "com.apple.product-type.application";
		};
		A777CF791492956F00FC97D3 /* WoodhouseTests */ = {
			isa = PBXNativeTarget;
			buildConfigurationList = A777CF8F1492957000FC97D3 /* Build configuration list for PBXNativeTarget "WoodhouseTests" */;
			buildPhases = (
				A777CF751492956F00FC97D3 /* Sources */,
				A777CF761492956F00FC97D3 /* Frameworks */,
				A777CF771492956F00FC97D3 /* Resources */,
				D062FFA714CD03D200CD1E67 /* CopyFiles */,
				A777CF781492956F00FC97D3 /* ShellScript */,
			);
			buildRules = (
			);
			dependencies = (
				A777CF7F1492956F00FC97D3 /* PBXTargetDependency */,
			);
			name = WoodhouseTests;
			productName = WoodhouseTests;
			productReference = A777CF7A1492956F00FC97D3 /* WoodhouseTests.octest */;
			productType = "com.apple.product-type.bundle";
		};
/* End PBXNativeTarget section */

/* Begin PBXProject section */
		A777CF501492956F00FC97D3 /* Project object */ = {
			isa = PBXProject;
			attributes = {
				LastUpgradeCheck = 0420;
			};
			buildConfigurationList = A777CF531492956F00FC97D3 /* Build configuration list for PBXProject "Woodhouse" */;
			compatibilityVersion = "Xcode 3.2";
			developmentRegion = English;
			hasScannedForEncodings = 0;
			knownRegions = (
				en,
			);
			mainGroup = A777CF4E1492956F00FC97D3;
			productRefGroup = A777CF5A1492956F00FC97D3 /* Products */;
			projectDirPath = "";
			projectRoot = "";
			targets = (
				A777CF581492956F00FC97D3 /* Woodhouse */,
				A777CF791492956F00FC97D3 /* WoodhouseTests */,
			);
		};
/* End PBXProject section */

/* Begin PBXResourcesBuildPhase section */
		A777CF571492956F00FC97D3 /* Resources */ = {
			isa = PBXResourcesBuildPhase;
			buildActionMask = 2147483647;
			files = (
				A777CF681492956F00FC97D3 /* InfoPlist.strings in Resources */,
				A777CF6E1492956F00FC97D3 /* Credits.rtf in Resources */,
				A777CF741492956F00FC97D3 /* MainMenu.xib in Resources */,
				A7ADD8281492B4CC009B621E /* Panel.xib in Resources */,
				D0A2F35914D60EC600908DEF /* Preferences.xib in Resources */,
				D0FE7A0E1493121000A02CFE /* watchdog-ok.png in Resources */,
				A7AC3EDA14AE634000887520 /* watchdog-error.png in Resources */,
				A7F9925114C0EB3800008A49 /* icon.icns in Resources */,
				D0A987F114E1FE74001D5277 /* dsa_pub.pem in Resources */,
			);
			runOnlyForDeploymentPostprocessing = 0;
		};
		A777CF771492956F00FC97D3 /* Resources */ = {
			isa = PBXResourcesBuildPhase;
			buildActionMask = 2147483647;
			files = (
				A777CF851492956F00FC97D3 /* InfoPlist.strings in Resources */,
				D0A2F35014D601B800908DEF /* Preferences.xib in Resources */,
			);
			runOnlyForDeploymentPostprocessing = 0;
		};
/* End PBXResourcesBuildPhase section */

/* Begin PBXShellScriptBuildPhase section */
		A777CF781492956F00FC97D3 /* ShellScript */ = {
			isa = PBXShellScriptBuildPhase;
			buildActionMask = 2147483647;
			files = (
			);
			inputPaths = (
			);
			outputPaths = (
			);
			runOnlyForDeploymentPostprocessing = 0;
			shellPath = /bin/sh;
			shellScript = "# Run the unit tests in this test bundle.\n\"${SYSTEM_DEVELOPER_DIR}/Tools/RunUnitTests\"\n";
		};
		D010F6B114D98756006116D1 /* ShellScript */ = {
			isa = PBXShellScriptBuildPhase;
			buildActionMask = 2147483647;
			files = (
			);
			inputPaths = (
			);
			outputPaths = (
			);
			runOnlyForDeploymentPostprocessing = 0;
			shellPath = /bin/sh;
			shellScript = "# -f means force to re-sign even if already signed\ncodesign -v -f -s \"Braintree Open Source\" \"${BUILT_PRODUCTS_DIR}/${WRAPPER_NAME}/\"";
		};
/* End PBXShellScriptBuildPhase section */

/* Begin PBXSourcesBuildPhase section */
		A777CF551492956F00FC97D3 /* Sources */ = {
			isa = PBXSourcesBuildPhase;
			buildActionMask = 2147483647;
			files = (
				A777CF6A1492956F00FC97D3 /* main.m in Sources */,
				A777CF711492956F00FC97D3 /* WoodhouseAppDelegate.m in Sources */,
				A7ADD82C1492B5BA009B621E /* PanelController.m in Sources */,
				A7C893101492CB4600A06695 /* Build.m in Sources */,
				D0FE7A11149313D800A02CFE /* BuildStatusChecker.m in Sources */,
				D059F1481493D90800E89E4C /* BuildStatusItemView.m in Sources */,
				D062FF9814C4C19600CD1E67 /* BuildStatusNotifier.m in Sources */,
				D0A2F35314D602E900908DEF /* PreferencesController.m in Sources */,
				D01EA6C014D78F2B00989092 /* WoodhouseKeychain.m in Sources */,
			);
			runOnlyForDeploymentPostprocessing = 0;
		};
		A777CF751492956F00FC97D3 /* Sources */ = {
			isa = PBXSourcesBuildPhase;
			buildActionMask = 2147483647;
			files = (
				D062FFA014CCFD0500CD1E67 /* BuildStatusCheckerTests.m in Sources */,
				D0A2F34614D4C41600908DEF /* TestHelper.m in Sources */,
				D010F6B714DA4468006116D1 /* WoodhouseKeychainTests.m in Sources */,
			);
			runOnlyForDeploymentPostprocessing = 0;
		};
/* End PBXSourcesBuildPhase section */

/* Begin PBXTargetDependency section */
		A777CF7F1492956F00FC97D3 /* PBXTargetDependency */ = {
			isa = PBXTargetDependency;
			target = A777CF581492956F00FC97D3 /* Woodhouse */;
			targetProxy = A777CF7E1492956F00FC97D3 /* PBXContainerItemProxy */;
		};
/* End PBXTargetDependency section */

/* Begin PBXVariantGroup section */
		A777CF661492956F00FC97D3 /* InfoPlist.strings */ = {
			isa = PBXVariantGroup;
			children = (
				A777CF671492956F00FC97D3 /* en */,
			);
			name = InfoPlist.strings;
			sourceTree = "<group>";
		};
		A777CF6C1492956F00FC97D3 /* Credits.rtf */ = {
			isa = PBXVariantGroup;
			children = (
				A777CF6D1492956F00FC97D3 /* en */,
			);
			name = Credits.rtf;
			sourceTree = "<group>";
		};
		A777CF721492956F00FC97D3 /* MainMenu.xib */ = {
			isa = PBXVariantGroup;
			children = (
				A777CF731492956F00FC97D3 /* en */,
			);
			name = MainMenu.xib;
			sourceTree = "<group>";
		};
		A777CF831492956F00FC97D3 /* InfoPlist.strings */ = {
			isa = PBXVariantGroup;
			children = (
				A777CF841492956F00FC97D3 /* en */,
			);
			name = InfoPlist.strings;
			sourceTree = "<group>";
		};
/* End PBXVariantGroup section */

/* Begin XCBuildConfiguration section */
		A777CF8A1492957000FC97D3 /* Debug */ = {
			isa = XCBuildConfiguration;
			buildSettings = {
				ALWAYS_SEARCH_USER_PATHS = NO;
				ARCHS = "$(ARCHS_STANDARD_64_BIT)";
				CLANG_ENABLE_OBJC_ARC = YES;
				COPY_PHASE_STRIP = NO;
				GCC_C_LANGUAGE_STANDARD = gnu99;
				GCC_DYNAMIC_NO_PIC = NO;
				GCC_ENABLE_OBJC_EXCEPTIONS = YES;
				GCC_OPTIMIZATION_LEVEL = 0;
				GCC_PREPROCESSOR_DEFINITIONS = (
					"DEBUG=1",
					"$(inherited)",
				);
				GCC_SYMBOLS_PRIVATE_EXTERN = NO;
				GCC_VERSION = "";
				GCC_WARN_64_TO_32_BIT_CONVERSION = YES;
				GCC_WARN_ABOUT_MISSING_PROTOTYPES = YES;
				GCC_WARN_ABOUT_RETURN_TYPE = YES;
				GCC_WARN_UNUSED_VARIABLE = YES;
				MACOSX_DEPLOYMENT_TARGET = 10.7;
				ONLY_ACTIVE_ARCH = YES;
				SDKROOT = macosx;
			};
			name = Debug;
		};
		A777CF8B1492957000FC97D3 /* Release */ = {
			isa = XCBuildConfiguration;
			buildSettings = {
				ALWAYS_SEARCH_USER_PATHS = NO;
				ARCHS = "$(ARCHS_STANDARD_64_BIT)";
				CLANG_ENABLE_OBJC_ARC = YES;
				COPY_PHASE_STRIP = YES;
				DEBUG_INFORMATION_FORMAT = "dwarf-with-dsym";
				GCC_C_LANGUAGE_STANDARD = gnu99;
				GCC_ENABLE_OBJC_EXCEPTIONS = YES;
				GCC_SYMBOLS_PRIVATE_EXTERN = YES;
				GCC_VERSION = "";
				GCC_WARN_64_TO_32_BIT_CONVERSION = YES;
				GCC_WARN_ABOUT_MISSING_PROTOTYPES = YES;
				GCC_WARN_ABOUT_RETURN_TYPE = YES;
				GCC_WARN_UNUSED_VARIABLE = YES;
				MACOSX_DEPLOYMENT_TARGET = 10.7;
				SDKROOT = macosx;
			};
			name = Release;
		};
		A777CF8D1492957000FC97D3 /* Debug */ = {
			isa = XCBuildConfiguration;
			buildSettings = {
				ARCHS = "$(ARCHS_STANDARD_64_BIT)";
				CLANG_ENABLE_OBJC_ARC = YES;
				FRAMEWORK_SEARCH_PATHS = (
					"$(inherited)",
					"\"$(SRCROOT)\"",
				);
				GCC_PRECOMPILE_PREFIX_HEADER = YES;
				GCC_PREFIX_HEADER = "Woodhouse/Woodhouse-Prefix.pch";
				GCC_VERSION = "";
				INFOPLIST_FILE = "Woodhouse/Woodhouse-Info.plist";
				PRODUCT_NAME = "$(TARGET_NAME)";
				SDKROOT = macosx;
				VALID_ARCHS = x86_64;
				WRAPPER_EXTENSION = app;
			};
			name = Debug;
		};
		A777CF8E1492957000FC97D3 /* Release */ = {
			isa = XCBuildConfiguration;
			buildSettings = {
				ARCHS = "$(ARCHS_STANDARD_64_BIT)";
				CLANG_ENABLE_OBJC_ARC = YES;
				COPY_PHASE_STRIP = NO;
				FRAMEWORK_SEARCH_PATHS = (
					"$(inherited)",
					"\"$(SRCROOT)\"",
				);
				GCC_PRECOMPILE_PREFIX_HEADER = YES;
				GCC_PREFIX_HEADER = "Woodhouse/Woodhouse-Prefix.pch";
				GCC_SYMBOLS_PRIVATE_EXTERN = NO;
				GCC_VERSION = "";
				INFOPLIST_FILE = "Woodhouse/Woodhouse-Info.plist";
				PRODUCT_NAME = "$(TARGET_NAME)";
				SDKROOT = macosx;
				VALID_ARCHS = x86_64;
				WRAPPER_EXTENSION = app;
			};
			name = Release;
		};
		A777CF901492957000FC97D3 /* Debug */ = {
			isa = XCBuildConfiguration;
			buildSettings = {
				BUNDLE_LOADER = "$(BUILT_PRODUCTS_DIR)/Woodhouse.app/Contents/MacOS/Woodhouse";
				FRAMEWORK_SEARCH_PATHS = (
					"$(DEVELOPER_LIBRARY_DIR)/Frameworks",
					"\"$(SRCROOT)\"",
				);
				GCC_PRECOMPILE_PREFIX_HEADER = YES;
				GCC_PREFIX_HEADER = "Woodhouse/Woodhouse-Prefix.pch";
				GCC_VERSION = "";
				HEADER_SEARCH_PATHS = "\"${SRCROOT}/TestLibraries\"";
				INFOPLIST_FILE = "WoodhouseTests/WoodhouseTests-Info.plist";
				LIBRARY_SEARCH_PATHS = (
					"$(inherited)",
					"\"$(SRCROOT)/TestLibraries\"",
				);
				OTHER_LDFLAGS = (
					"-ObjC",
					"-all_load",
				);
				PRODUCT_NAME = "$(TARGET_NAME)";
				TEST_HOST = "$(BUNDLE_LOADER)";
				WRAPPER_EXTENSION = octest;
			};
			name = Debug;
		};
		A777CF911492957000FC97D3 /* Release */ = {
			isa = XCBuildConfiguration;
			buildSettings = {
				BUNDLE_LOADER = "$(BUILT_PRODUCTS_DIR)/Woodhouse.app/Contents/MacOS/Woodhouse";
				FRAMEWORK_SEARCH_PATHS = (
					"$(DEVELOPER_LIBRARY_DIR)/Frameworks",
					"\"$(SRCROOT)\"",
				);
				GCC_PRECOMPILE_PREFIX_HEADER = YES;
				GCC_PREFIX_HEADER = "Woodhouse/Woodhouse-Prefix.pch";
				GCC_VERSION = "";
				HEADER_SEARCH_PATHS = "\"${SRCROOT}/TestLibraries\"";
				INFOPLIST_FILE = "WoodhouseTests/WoodhouseTests-Info.plist";
				LIBRARY_SEARCH_PATHS = (
					"$(inherited)",
					"\"$(SRCROOT)/TestLibraries\"",
				);
				OTHER_LDFLAGS = (
					"-ObjC",
					"-all_load",
				);
				PRODUCT_NAME = "$(TARGET_NAME)";
				TEST_HOST = "$(BUNDLE_LOADER)";
				WRAPPER_EXTENSION = octest;
			};
			name = Release;
		};
/* End XCBuildConfiguration section */

/* Begin XCConfigurationList section */
		A777CF531492956F00FC97D3 /* Build configuration list for PBXProject "Woodhouse" */ = {
			isa = XCConfigurationList;
			buildConfigurations = (
				A777CF8A1492957000FC97D3 /* Debug */,
				A777CF8B1492957000FC97D3 /* Release */,
			);
			defaultConfigurationIsVisible = 0;
			defaultConfigurationName = Release;
		};
		A777CF8C1492957000FC97D3 /* Build configuration list for PBXNativeTarget "Woodhouse" */ = {
			isa = XCConfigurationList;
			buildConfigurations = (
				A777CF8D1492957000FC97D3 /* Debug */,
				A777CF8E1492957000FC97D3 /* Release */,
			);
			defaultConfigurationIsVisible = 0;
			defaultConfigurationName = Release;
		};
		A777CF8F1492957000FC97D3 /* Build configuration list for PBXNativeTarget "WoodhouseTests" */ = {
			isa = XCConfigurationList;
			buildConfigurations = (
				A777CF901492957000FC97D3 /* Debug */,
				A777CF911492957000FC97D3 /* Release */,
			);
			defaultConfigurationIsVisible = 0;
			defaultConfigurationName = Release;
		};
/* End XCConfigurationList section */
	};
	rootObject = A777CF501492956F00FC97D3 /* Project object */;
}
